github.com/erikstmartin/go-testdb #e91c57bcc918671f042bb1722841946bd376dcde
github.com/kellydunn/golang-geo #1977e227c0672ec036325eb33db1c4a2f365d069
github.com/kylelemons/go-gypsy #42fc2c7ee9b8bd0ff636cd2d7a8c0a49491044c5
github.com/lib/pq #a8d8d01c4f91602f876bf5aa210274e8203a6b45
github.com/martinhpedersen/libfap-go #1d5f9fbf86fbe02ec9b296c029f74af68ac8cb8e
github.com/ziutek/mymysql #1294234e9635d40b24107b0ab0e980add015f4b5
